
Microsoft Visual Studio Solution File, Format Version 12.00
# Visual Studio Version 17
VisualStudioVersion = 17.0.31903.59
MinimumVisualStudioVersion = 10.0.40219.1
Project("{2150E333-8FDC-42A3-9474-1A3956D46DE8}") = "src", "src", "{B0BD1699-4F60-4107-BD40-C48DC0152E46}"
EndProject
Project("{FAE04EC0-301F-11D3-BF4B-00C04F79EFBC}") = "Tip4Gen.Api", "src\Tip4Gen.Api\Tip4Gen.Api.csproj", "{CC3E520A-5E60-47E9-91FA-E0B75F8245A1}"
EndProject
Project("{FAE04EC0-301F-11D3-BF4B-00C04F79EFBC}") = "Tip4Gen.Domain", "src\Tip4Gen.Domain\Tip4Gen.Domain.csproj", "{4A457F0A-0C72-48DB-8D01-000BDE2157E2}"
EndProject
Project("{FAE04EC0-301F-11D3-BF4B-00C04F79EFBC}") = "Tip4Gen.Infrastructure", "src\Tip4Gen.Infrastructure\Tip4Gen.Infrastructure.csproj", "{CBADA025-8C48-4BE7-867F-73AC644C061E}"
EndProject
Project("{2150E333-8FDC-42A3-9474-1A3956D46DE8}") = "tests", "tests", "{FD394BDB-B9BE-43EC-9128-19094143A482}"
EndProject
Project("{FAE04EC0-301F-11D3-BF4B-00C04F79EFBC}") = "Tip4Gen.Domain.Tests", "tests\Tip4Gen.Domain.Tests\Tip4Gen.Domain.Tests.csproj", "{1DD7D175-D8F1-49DA-A090-EBB3E086B437}"
EndProject
Global
	GlobalSection(SolutionConfigurationPlatforms) = preSolution
		Debug|Any CPU = Debug|Any CPU
		Release|Any CPU = Release|Any CPU
	EndGlobalSection
	GlobalSection(SolutionProperties) = preSolution
		HideSolutionNode = FALSE
	EndGlobalSection
	GlobalSection(ProjectConfigurationPlatforms) = postSolution
		{CC3E520A-5E60-47E9-91FA-E0B75F8245A1}.Debug|Any CPU.ActiveCfg = Debug|Any CPU
		{CC3E520A-5E60-47E9-91FA-E0B75F8245A1}.Debug|Any CPU.Build.0 = Debug|Any CPU
		{CC3E520A-5E60-47E9-91FA-E0B75F8245A1}.Release|Any CPU.ActiveCfg = Release|Any CPU
		{CC3E520A-5E60-47E9-91FA-E0B75F8245A1}.Release|Any CPU.Build.0 = Release|Any CPU
		{4A457F0A-0C72-48DB-8D01-000BDE2157E2}.Debug|Any CPU.ActiveCfg = Debug|Any CPU
		{4A457F0A-0C72-48DB-8D01-000BDE2157E2}.Debug|Any CPU.Build.0 = Debug|Any CPU
		{4A457F0A-0C72-48DB-8D01-000BDE2157E2}.Release|Any CPU.ActiveCfg = Release|Any CPU
		{4A457F0A-0C72-48DB-8D01-000BDE2157E2}.Release|Any CPU.Build.0 = Release|Any CPU
		{CBADA025-8C48-4BE7-867F-73AC644C061E}.Debug|Any CPU.ActiveCfg = Debug|Any CPU
		{CBADA025-8C48-4BE7-867F-73AC644C061E}.Debug|Any CPU.Build.0 = Debug|Any CPU
		{CBADA025-8C48-4BE7-867F-73AC644C061E}.Release|Any CPU.ActiveCfg = Release|Any CPU
		{CBADA025-8C48-4BE7-867F-73AC644C061E}.Release|Any CPU.Build.0 = Release|Any CPU
		{1DD7D175-D8F1-49DA-A090-EBB3E086B437}.Debug|Any CPU.ActiveCfg = Debug|Any CPU
		{1DD7D175-D8F1-49DA-A090-EBB3E086B437}.Debug|Any CPU.Build.0 = Debug|Any CPU
		{1DD7D175-D8F1-49DA-A090-EBB3E086B437}.Release|Any CPU.ActiveCfg = Release|Any CPU
		{1DD7D175-D8F1-49DA-A090-EBB3E086B437}.Release|Any CPU.Build.0 = Release|Any CPU
	EndGlobalSection
	GlobalSection(NestedProjects) = preSolution
		{CC3E520A-5E60-47E9-91FA-E0B75F8245A1} = {B0BD1699-4F60-4107-BD40-C48DC0152E46}
		{4A457F0A-0C72-48DB-8D01-000BDE2157E2} = {B0BD1699-4F60-4107-BD40-C48DC0152E46}
		{CBADA025-8C48-4BE7-867F-73AC644C061E} = {B0BD1699-4F60-4107-BD40-C48DC0152E46}
		{1DD7D175-D8F1-49DA-A090-EBB3E086B437} = {FD394BDB-B9BE-43EC-9128-19094143A482}
	EndGlobalSection
EndGlobal
